<?xml version="1.0" encoding="utf-8"?>
<Project ToolsVersion="4.0" xmlns="http://schemas.microsoft.com/developer/msbuild/2003">
  <ItemGroup>
    <Filter Include="Source Files">
      <UniqueIdentifier>{4FC737F1-C7A5-4376-A066-2A32D752A2FF}</UniqueIdentifier>
      <Extensions>cpp;c;cc;cxx;def;odl;idl;hpj;bat;asm;asmx</Extensions>
    </Filter>
    <Filter Include="Resource Files">
      <UniqueIdentifier>{67DA6AB6-F800-4c08-8B7A-83BB121AAD01}</UniqueIdentifier>
      <Extensions>rc;ico;cur;bmp;dlg;rc2;rct;bin;rgs;gif;jpg;jpeg;jpe;resx;tiff;tif;png;wav;mfcribbon-ms</Extensions>
    </Filter>
    <Filter Include="Source Files\UserProfile">
      <UniqueIdentifier>{bdcb4021-241b-40e4-8457-cf19b591813e}</UniqueIdentifier>
    </Filter>
    <Filter Include="Header Files">
      <UniqueIdentifier>{93995380-89BD-4b04-88EB-625FBE52EBFB}</UniqueIdentifier>
      <Extensions>h;hh;hpp;hxx;hm;inl;inc;ipp;xsd</Extensions>
    </Filter>
    <Filter Include="Source Files\StorageAccessor">
      <UniqueIdentifier>{35bd6000-c78b-471b-b4fa-feba017d5707}</UniqueIdentifier>
    </Filter>
    <Filter Include="Source Files\Communicator">
      <UniqueIdentifier>{6760098b-f2f2-4c1c-a78a-22c625945aab}</UniqueIdentifier>
    </Filter>
    <Filter Include="Source Files\RpcCommon">
      <UniqueIdentifier>{99209780-afcb-42d6-8651-c8b8c760a026}</UniqueIdentifier>
    </Filter>
    <Filter Include="Source Files\SipMassage">
      <UniqueIdentifier>{34ff8494-9ac8-4055-ae66-23560e62e36a}</UniqueIdentifier>
    </Filter>
    <Filter Include="Source Files\DirectoryService">
      <UniqueIdentifier>{9951c991-2a8d-4785-aa93-de36c4332189}</UniqueIdentifier>
    </Filter>
    <Filter Include="Source Files\CryptoKey">
      <UniqueIdentifier>{6ad49459-a8b4-41ec-bbdb-44d0903b43a0}</UniqueIdentifier>
    </Filter>
    <Filter Include="Source Files\UserAdmin">
      <UniqueIdentifier>{b3b49e2b-ea20-4d9a-989d-f54144097f65}</UniqueIdentifier>
    </Filter>
    <Filter Include="Source Files\ConferenceCall">
      <UniqueIdentifier>{1f75b5d4-ec14-4a57-88f6-dc023458bf43}</UniqueIdentifier>
    </Filter>
  </ItemGroup>
  <ItemGroup>
    <ClCompile Include="src\main.cpp">
      <Filter>Source Files</Filter>
    </ClCompile>
    <ClCompile Include="src\UserProfile\UserProfile.grpc.pb.cc">
      <Filter>Source Files\UserProfile</Filter>
    </ClCompile>
    <ClCompile Include="src\UserProfile\UserProfile.pb.cc">
      <Filter>Source Files\UserProfile</Filter>
    </ClCompile>
    <ClCompile Include="src\UserProfile\UserProfileRpc.cpp">
      <Filter>Source Files\UserProfile</Filter>
    </ClCompile>
    <ClCompile Include="src\Hislog.cpp">
      <Filter>Source Files</Filter>
    </ClCompile>
    <ClCompile Include="src\UserProfile\UserProfile.cpp">
      <Filter>Source Files\UserProfile</Filter>
    </ClCompile>
    <ClCompile Include="src\StorageAccessor\FileStorageAccessor.cpp">
      <Filter>Source Files\StorageAccessor</Filter>
    </ClCompile>
    <ClCompile Include="src\Communicator\ConversationManager.cpp">
      <Filter>Source Files\Communicator</Filter>
    </ClCompile>
    <ClCompile Include="src\Communicator\Conversation.cpp">
      <Filter>Source Files\Communicator</Filter>
    </ClCompile>
    <ClCompile Include="src\Communicator\Participant.cpp">
      <Filter>Source Files\Communicator</Filter>
    </ClCompile>
    <ClCompile Include="src\Communicator\DataPath.cpp">
      <Filter>Source Files\Communicator</Filter>
    </ClCompile>
    <ClCompile Include="src\StorageAccessor\DBFile.cpp">
      <Filter>Source Files\StorageAccessor</Filter>
    </ClCompile>
    <ClCompile Include="src\RpcCommon\Common.pb.cc">
      <Filter>Source Files\RpcCommon</Filter>
    </ClCompile>
    <ClCompile Include="src\SipMessage\SipMessage.pb.cc">
      <Filter>Source Files\SipMassage</Filter>
    </ClCompile>
    <ClCompile Include="src\DirectoryService\DirectoryService.grpc.pb.cc">
      <Filter>Source Files\DirectoryService</Filter>
    </ClCompile>
    <ClCompile Include="src\DirectoryService\DirectoryService.pb.cc">
      <Filter>Source Files\DirectoryService</Filter>
    </ClCompile>
    <ClCompile Include="src\DirectoryService\DirectoryServiceRpc.cpp">
      <Filter>Source Files\DirectoryService</Filter>
    </ClCompile>
    <ClCompile Include="src\DirectoryService\DirectoryService.cpp">
      <Filter>Source Files\DirectoryService</Filter>
    </ClCompile>
    <ClCompile Include="src\CryptoKey\CryptoKey.grpc.pb.cc">
      <Filter>Source Files\CryptoKey</Filter>
    </ClCompile>
    <ClCompile Include="src\CryptoKey\CryptoKey.pb.cc">
      <Filter>Source Files\CryptoKey</Filter>
    </ClCompile>
    <ClCompile Include="src\CryptoKey\CryptoKeyRpc.cpp">
      <Filter>Source Files\CryptoKey</Filter>
    </ClCompile>
    <ClCompile Include="src\UserProfile\EmailSender.cpp">
      <Filter>Source Files\UserProfile</Filter>
    </ClCompile>
    <ClCompile Include="src\RpcCommon\RpcUtils.cpp">
      <Filter>Source Files\RpcCommon</Filter>
    </ClCompile>
    <ClCompile Include="src\CryptoKey\CryptoKey.cpp">
      <Filter>Source Files\CryptoKey</Filter>
    </ClCompile>
    <ClCompile Include="src\Communicator\ParticipantDirectory.cpp">
      <Filter>Source Files\Communicator</Filter>
    </ClCompile>
    <ClCompile Include="src\CryptoKey\MD5Hash.cpp">
      <Filter>Source Files\CryptoKey</Filter>
    </ClCompile>
    <ClCompile Include="src\UserAdmin\UserAdmin.grpc.pb.cc">
      <Filter>Source Files\UserAdmin</Filter>
    </ClCompile>
    <ClCompile Include="src\UserAdmin\UserAdmin.pb.cc">
      <Filter>Source Files\UserAdmin</Filter>
    </ClCompile>
    <ClCompile Include="src\UserAdmin\UserAdmin.cpp">
      <Filter>Source Files\UserAdmin</Filter>
    </ClCompile>
    <ClCompile Include="src\UserAdmin\UserAdminRpc.cpp">
      <Filter>Source Files\UserAdmin</Filter>
    </ClCompile>
    <ClCompile Include="src\ConferenceCall\ConferenceCallManager.cpp">
      <Filter>Source Files\ConferenceCall</Filter>
    </ClCompile>
    <ClCompile Include="src\ConferenceCall\EmailSenderCC.cpp">
      <Filter>Source Files\ConferenceCall</Filter>
    </ClCompile>
    <ClCompile Include="src\ConferenceCall\ConCallReserv.grpc.pb.cc">
      <Filter>Source Files\ConferenceCall</Filter>
    </ClCompile>
    <ClCompile Include="src\ConferenceCall\ConCallReserv.pb.cc">
      <Filter>Source Files\ConferenceCall</Filter>
    </ClCompile>
    <ClCompile Include="src\ConferenceCall\ConCallReservRpc.cpp">
      <Filter>Source Files\ConferenceCall</Filter>
    </ClCompile>
  </ItemGroup>
  <ItemGroup>
    <ClInclude Include="src\UserProfile\UserProfile.grpc.pb.h">
      <Filter>Source Files\UserProfile</Filter>
    </ClInclude>
    <ClInclude Include="src\UserProfile\UserProfile.pb.h">
      <Filter>Source Files\UserProfile</Filter>
    </ClInclude>
    <ClInclude Include="src\UserProfile\UserProfileRpc.h">
      <Filter>Source Files\UserProfile</Filter>
    </ClInclude>
    <ClInclude Include="src\Hislog.h">
      <Filter>Source Files</Filter>
    </ClInclude>
    <ClInclude Include="src\Communicator\communicator.h">
      <Filter>Source Files\Communicator</Filter>
    </ClInclude>
    <ClInclude Include="src\UserProfile\IUserProfile.h">
      <Filter>Source Files\UserProfile</Filter>
    </ClInclude>
    <ClInclude Include="src\StorageAccessor\FileStorageAccessor.h">
      <Filter>Source Files\StorageAccessor</Filter>
    </ClInclude>
    <ClInclude Include="src\StorageAccessor\IStorageAccessor.h">
      <Filter>Source Files\StorageAccessor</Filter>
    </ClInclude>
    <ClInclude Include="src\UserProfile\ISecurityProvider.h">
      <Filter>Source Files\UserProfile</Filter>
    </ClInclude>
    <ClInclude Include="src\StorageAccessor\DBFile.h">
      <Filter>Source Files\StorageAccessor</Filter>
    </ClInclude>
    <ClInclude Include="src\RpcCommon\Common.pb.h">
      <Filter>Source Files\RpcCommon</Filter>
    </ClInclude>
    <ClInclude Include="src\SipMessage\SipMessage.pb.h">
      <Filter>Source Files\SipMassage</Filter>
    </ClInclude>
    <ClInclude Include="src\DirectoryService\DirectoryService.grpc.pb.h">
      <Filter>Source Files\DirectoryService</Filter>
    </ClInclude>
    <ClInclude Include="src\DirectoryService\DirectoryService.pb.h">
      <Filter>Source Files\DirectoryService</Filter>
    </ClInclude>
    <ClInclude Include="src\DirectoryService\DirectoryServiceRpc.h">
      <Filter>Source Files\DirectoryService</Filter>
    </ClInclude>
    <ClInclude Include="src\DirectoryService\IDirectoryService.h">
      <Filter>Source Files\DirectoryService</Filter>
    </ClInclude>
    <ClInclude Include="src\DirectoryService\DirectoryService.h">
      <Filter>Source Files\DirectoryService</Filter>
    </ClInclude>
    <ClInclude Include="src\CryptoKey\CryptoKey.grpc.pb.h">
      <Filter>Source Files\CryptoKey</Filter>
    </ClInclude>
    <ClInclude Include="src\CryptoKey\CryptoKey.pb.h">
      <Filter>Source Files\CryptoKey</Filter>
    </ClInclude>
    <ClInclude Include="src\CryptoKey\ICryptoKeyRepo.h">
      <Filter>Source Files\CryptoKey</Filter>
    </ClInclude>
    <ClInclude Include="src\CryptoKey\ICryptoKeyMgr.h">
      <Filter>Source Files\CryptoKey</Filter>
    </ClInclude>
    <ClInclude Include="src\CryptoKey\CryptoKeyRpc.h">
      <Filter>Source Files\CryptoKey</Filter>
    </ClInclude>
    <ClInclude Include="src\UserProfile\EmailSender.h">
      <Filter>Source Files\UserProfile</Filter>
    </ClInclude>
    <ClInclude Include="src\RpcCommon\RpcUtils.h">
      <Filter>Source Files\RpcCommon</Filter>
    </ClInclude>
    <ClInclude Include="src\CryptoKey\CryptoKey.h">
      <Filter>Source Files\CryptoKey</Filter>
    </ClInclude>
    <ClInclude Include="src\CryptoKey\MD5Hash.h">
      <Filter>Source Files\CryptoKey</Filter>
    </ClInclude>
    <ClInclude Include="src\UserProfile\UserProfile.h">
      <Filter>Source Files\UserProfile</Filter>
    </ClInclude>
    <ClInclude Include="src\UserAdmin\UserAdmin.grpc.pb.h">
      <Filter>Source Files\UserAdmin</Filter>
    </ClInclude>
    <ClInclude Include="src\UserAdmin\UserAdmin.pb.h">
      <Filter>Source Files\UserAdmin</Filter>
    </ClInclude>
    <ClInclude Include="src\UserAdmin\IUserAdmin.h">
      <Filter>Source Files\UserAdmin</Filter>
    </ClInclude>
    <ClInclude Include="src\UserAdmin\UserAdmin.h">
      <Filter>Source Files\UserAdmin</Filter>
    </ClInclude>
    <ClInclude Include="src\UserAdmin\UserAdminRpc.h">
      <Filter>Source Files\UserAdmin</Filter>
    </ClInclude>
    <ClInclude Include="src\UserAdmin\UserAdminMock.h">
      <Filter>Source Files\UserAdmin</Filter>
    </ClInclude>
    <ClInclude Include="src\ConferenceCall\ConferenceCallManager.h">
      <Filter>Source Files\ConferenceCall</Filter>
    </ClInclude>
    <ClInclude Include="src\ConferenceCall\EmailSenderCC.h">
      <Filter>Source Files\ConferenceCall</Filter>
    </ClInclude>
    <ClInclude Include="src\ConferenceCall\ConCallReserv.grpc.pb.h">
      <Filter>Source Files\ConferenceCall</Filter>
    </ClInclude>
    <ClInclude Include="src\ConferenceCall\ConCallReserv.pb.h">
      <Filter>Source Files\ConferenceCall</Filter>
    </ClInclude>
    <ClInclude Include="src\ConferenceCall\ConCallReservRpc.h">
      <Filter>Source Files\ConferenceCall</Filter>
    </ClInclude>
    <ClInclude Include="src\ConferenceCall\IConferenceCall.h">
      <Filter>Source Files\ConferenceCall</Filter>
    </ClInclude>
    <ClInclude Include="src\Config.h">
      <Filter>Source Files</Filter>
    </ClInclude>
  </ItemGroup>
</Project>